<?xml version="1.0" encoding="utf-8"?>
<Project ToolsVersion="4.0" xmlns="http://schemas.microsoft.com/developer/msbuild/2003">
  <ItemGroup>
    <Filter Include="inc">
      <UniqueIdentifier>{93995380-89BD-4b04-88EB-625FBE52EBFB}</UniqueIdentifier>
      <Extensions>h;hh;hpp;hxx;h++;hm;inl;inc;ipp;xsd</Extensions>
    </Filter>
    <Filter Include="inc\character">
      <UniqueIdentifier>{13574a9c-185b-4d0d-83d6-0f46e892f8ad}</UniqueIdentifier>
    </Filter>
    <Filter Include="inc\config">
      <UniqueIdentifier>{686cba2d-ef3e-4c42-ab82-3db182b41c2a}</UniqueIdentifier>
    </Filter>
    <Filter Include="inc\img_edit">
      <UniqueIdentifier>{ab8adb75-f182-47f5-b286-4ffe64cedd04}</UniqueIdentifier>
    </Filter>
    <Filter Include="inc\message">
      <UniqueIdentifier>{51cef5ee-573f-4c9b-a04e-298ddbd56d32}</UniqueIdentifier>
    </Filter>
    <Filter Include="inc\util">
      <UniqueIdentifier>{e3afd6ca-22dd-4e77-9499-4fe5313435e7}</UniqueIdentifier>
    </Filter>
    <Filter Include="src">
      <UniqueIdentifier>{4FC737F1-C7A5-4376-A066-2A32D752A2FF}</UniqueIdentifier>
      <Extensions>cpp;c;cc;cxx;c++;cppm;ixx;def;odl;idl;hpj;bat;asm;asmx</Extensions>
    </Filter>
    <Filter Include="src\character">
      <UniqueIdentifier>{89638250-165e-40c2-87b0-f165e2e2f8a2}</UniqueIdentifier>
    </Filter>
    <Filter Include="src\img_edit">
      <UniqueIdentifier>{9319c18c-b9a2-43bc-b60f-71604d944aee}</UniqueIdentifier>
    </Filter>
    <Filter Include="inc\tool">
      <UniqueIdentifier>{c4e143f8-d02d-4795-a01d-6a3c422ac949}</UniqueIdentifier>
    </Filter>
    <Filter Include="src\tool">
      <UniqueIdentifier>{1dd3ac6a-2a08-48fd-ab14-25baf4f86df2}</UniqueIdentifier>
    </Filter>
    <Filter Include="src\message">
      <UniqueIdentifier>{58fc4a1b-58c5-4d80-bc66-6548cb512a01}</UniqueIdentifier>
    </Filter>
    <Filter Include="res">
      <UniqueIdentifier>{82658859-2800-499a-b868-9970a00c60c1}</UniqueIdentifier>
    </Filter>
    <Filter Include="src\util">
      <UniqueIdentifier>{c485278d-918f-4a96-a75e-ea99c372992c}</UniqueIdentifier>
    </Filter>
  </ItemGroup>
  <ItemGroup>
    <ClInclude Include="animation.h">
      <Filter>inc\character</Filter>
    </ClInclude>
    <ClInclude Include="character.h">
      <Filter>inc\character</Filter>
    </ClInclude>
    <ClInclude Include="frame.h">
      <Filter>inc\character</Filter>
    </ClInclude>
    <ClInclude Include="player.h">
      <Filter>inc\character</Filter>
    </ClInclude>
    <ClInclude Include="alpha.h">
      <Filter>inc\img_edit</Filter>
    </ClInclude>
    <ClInclude Include="edit.h">
      <Filter>inc\img_edit</Filter>
    </ClInclude>
    <ClInclude Include="config.h">
      <Filter>inc\config</Filter>
    </ClInclude>
    <ClInclude Include="message.h">
      <Filter>inc\message</Filter>
    </ClInclude>
    <ClInclude Include="utils.h">
      <Filter>inc\util</Filter>
    </ClInclude>
    <ClInclude Include="enemy.h">
      <Filter>inc\character</Filter>
    </ClInclude>
    <ClInclude Include="camera.h">
      <Filter>inc\tool</Filter>
    </ClInclude>
    <ClInclude Include="timer.h">
      <Filter>inc\tool</Filter>
    </ClInclude>
    <ClInclude Include="console.h">
      <Filter>inc\message</Filter>
    </ClInclude>
    <ClInclude Include="resource.h">
      <Filter>res</Filter>
    </ClInclude>
    <ClInclude Include="enemy_atlas.h">
      <Filter>inc\character</Filter>
    </ClInclude>
  </ItemGroup>
  <ItemGroup>
    <ClCompile Include="animation.cpp">
      <Filter>src\character</Filter>
    </ClCompile>
    <ClCompile Include="character.cpp">
      <Filter>src\character</Filter>
    </ClCompile>
    <ClCompile Include="frame.cpp">
      <Filter>src\character</Filter>
    </ClCompile>
    <ClCompile Include="player.cpp">
      <Filter>src\character</Filter>
    </ClCompile>
    <ClCompile Include="alpha.cpp">
      <Filter>src\img_edit</Filter>
    </ClCompile>
    <ClCompile Include="edit.cpp">
      <Filter>src\img_edit</Filter>
    </ClCompile>
    <ClCompile Include="rpg_main.cpp">
      <Filter>src</Filter>
    </ClCompile>
    <ClCompile Include="utils.cpp">
      <Filter>src\util</Filter>
    </ClCompile>
    <ClCompile Include="enemy.cpp">
      <Filter>src\character</Filter>
    </ClCompile>
    <ClCompile Include="camera.cpp">
      <Filter>src\tool</Filter>
    </ClCompile>
    <ClCompile Include="timer.cpp">
      <Filter>src\tool</Filter>
    </ClCompile>
    <ClCompile Include="console.cpp">
      <Filter>src\message</Filter>
    </ClCompile>
    <ClCompile Include="enemy_atlas.cpp">
      <Filter>src\character</Filter>
    </ClCompile>
  </ItemGroup>
  <ItemGroup>
    <Image Include="source\icon\icon.ico">
      <Filter>res</Filter>
    </Image>
  </ItemGroup>
  <ItemGroup>
    <ResourceCompile Include="MyRpg.rc">
      <Filter>res</Filter>
    </ResourceCompile>
  </ItemGroup>
</Project>